
Microsoft Visual Studio Solution File, Format Version 12.00
# Visual Studio Version 17
VisualStudioVersion = 17.12.35527.113
MinimumVisualStudioVersion = 10.0.40219.1
Project("{2150E333-8FDC-42A3-9474-1A3956D46DE8}") = "Chap01", "Chap01", "{F27D87A8-B174-4A33-9912-D2B3B2CCA8F9}"
EndProject
Project("{8BC9CEB8-8B4A-11D0-8D11-00A0C91BC942}") = "HelloMsg", "Chap01\HelloMsg\HelloMsg.vcxproj", "{F1F2EB41-0EC7-46D8-A165-382D688066E8}"
EndProject
Project("{2150E333-8FDC-42A3-9474-1A3956D46DE8}") = "Chap02", "Chap02", "{0F15E4F8-2713-4906-B0EE-19B9E237F509}"
EndProject
Project("{8BC9CEB8-8B4A-11D0-8D11-00A0C91BC942}") = "ScrnSize", "Chap02\ScrnSize\ScrnSize.vcxproj", "{4C702E34-70DB-4320-85CF-B8C9A765B64D}"
EndProject
Project("{2150E333-8FDC-42A3-9474-1A3956D46DE8}") = "Chap03", "Chap03", "{71259D15-6753-48F7-B5B2-D93BAF36A966}"
EndProject
Project("{8BC9CEB8-8B4A-11D0-8D11-00A0C91BC942}") = "HelloWin", "Chap03\HelloWin\HelloWin.vcxproj", "{C2AEAEC5-2799-4AD0-851F-4F58415DC463}"
EndProject
Project("{2150E333-8FDC-42A3-9474-1A3956D46DE8}") = "test", "test", "{468AEAD8-52EF-4D2B-98ED-C681AF4218FE}"
EndProject
Project("{8BC9CEB8-8B4A-11D0-8D11-00A0C91BC942}") = "01", "test\01\01.vcxproj", "{8301F260-2178-4977-98BD-16ADF6A8BC0F}"
EndProject
Project("{2150E333-8FDC-42A3-9474-1A3956D46DE8}") = "笔记", "笔记", "{855BD970-D761-461E-9A8D-D9531A46726C}"
	ProjectSection(SolutionItems) = preProject
		001_新winmain函数.txt = 001_新winmain函数.txt
	EndProjectSection
EndProject
Global
	GlobalSection(SolutionConfigurationPlatforms) = preSolution
		Debug|x64 = Debug|x64
		Debug|x86 = Debug|x86
		Release|x64 = Release|x64
		Release|x86 = Release|x86
	EndGlobalSection
	GlobalSection(ProjectConfigurationPlatforms) = postSolution
		{F1F2EB41-0EC7-46D8-A165-382D688066E8}.Debug|x64.ActiveCfg = Debug|x64
		{F1F2EB41-0EC7-46D8-A165-382D688066E8}.Debug|x64.Build.0 = Debug|x64
		{F1F2EB41-0EC7-46D8-A165-382D688066E8}.Debug|x86.ActiveCfg = Debug|Win32
		{F1F2EB41-0EC7-46D8-A165-382D688066E8}.Debug|x86.Build.0 = Debug|Win32
		{F1F2EB41-0EC7-46D8-A165-382D688066E8}.Release|x64.ActiveCfg = Release|x64
		{F1F2EB41-0EC7-46D8-A165-382D688066E8}.Release|x64.Build.0 = Release|x64
		{F1F2EB41-0EC7-46D8-A165-382D688066E8}.Release|x86.ActiveCfg = Release|Win32
		{F1F2EB41-0EC7-46D8-A165-382D688066E8}.Release|x86.Build.0 = Release|Win32
		{4C702E34-70DB-4320-85CF-B8C9A765B64D}.Debug|x64.ActiveCfg = Debug|x64
		{4C702E34-70DB-4320-85CF-B8C9A765B64D}.Debug|x64.Build.0 = Debug|x64
		{4C702E34-70DB-4320-85CF-B8C9A765B64D}.Debug|x86.ActiveCfg = Debug|Win32
		{4C702E34-70DB-4320-85CF-B8C9A765B64D}.Debug|x86.Build.0 = Debug|Win32
		{4C702E34-70DB-4320-85CF-B8C9A765B64D}.Release|x64.ActiveCfg = Release|x64
		{4C702E34-70DB-4320-85CF-B8C9A765B64D}.Release|x64.Build.0 = Release|x64
		{4C702E34-70DB-4320-85CF-B8C9A765B64D}.Release|x86.ActiveCfg = Release|Win32
		{4C702E34-70DB-4320-85CF-B8C9A765B64D}.Release|x86.Build.0 = Release|Win32
		{C2AEAEC5-2799-4AD0-851F-4F58415DC463}.Debug|x64.ActiveCfg = Debug|x64
		{C2AEAEC5-2799-4AD0-851F-4F58415DC463}.Debug|x64.Build.0 = Debug|x64
		{C2AEAEC5-2799-4AD0-851F-4F58415DC463}.Debug|x86.ActiveCfg = Debug|Win32
		{C2AEAEC5-2799-4AD0-851F-4F58415DC463}.Debug|x86.Build.0 = Debug|Win32
		{C2AEAEC5-2799-4AD0-851F-4F58415DC463}.Release|x64.ActiveCfg = Release|x64
		{C2AEAEC5-2799-4AD0-851F-4F58415DC463}.Release|x64.Build.0 = Release|x64
		{C2AEAEC5-2799-4AD0-851F-4F58415DC463}.Release|x86.ActiveCfg = Release|Win32
		{C2AEAEC5-2799-4AD0-851F-4F58415DC463}.Release|x86.Build.0 = Release|Win32
		{8301F260-2178-4977-98BD-16ADF6A8BC0F}.Debug|x64.ActiveCfg = Debug|x64
		{8301F260-2178-4977-98BD-16ADF6A8BC0F}.Debug|x64.Build.0 = Debug|x64
		{8301F260-2178-4977-98BD-16ADF6A8BC0F}.Debug|x86.ActiveCfg = Debug|Win32
		{8301F260-2178-4977-98BD-16ADF6A8BC0F}.Debug|x86.Build.0 = Debug|Win32
		{8301F260-2178-4977-98BD-16ADF6A8BC0F}.Release|x64.ActiveCfg = Release|x64
		{8301F260-2178-4977-98BD-16ADF6A8BC0F}.Release|x64.Build.0 = Release|x64
		{8301F260-2178-4977-98BD-16ADF6A8BC0F}.Release|x86.ActiveCfg = Release|Win32
		{8301F260-2178-4977-98BD-16ADF6A8BC0F}.Release|x86.Build.0 = Release|Win32
	EndGlobalSection
	GlobalSection(SolutionProperties) = preSolution
		HideSolutionNode = FALSE
	EndGlobalSection
	GlobalSection(NestedProjects) = preSolution
		{F1F2EB41-0EC7-46D8-A165-382D688066E8} = {F27D87A8-B174-4A33-9912-D2B3B2CCA8F9}
		{4C702E34-70DB-4320-85CF-B8C9A765B64D} = {0F15E4F8-2713-4906-B0EE-19B9E237F509}
		{C2AEAEC5-2799-4AD0-851F-4F58415DC463} = {71259D15-6753-48F7-B5B2-D93BAF36A966}
		{8301F260-2178-4977-98BD-16ADF6A8BC0F} = {468AEAD8-52EF-4D2B-98ED-C681AF4218FE}
	EndGlobalSection
EndGlobal
