
Microsoft Visual Studio Solution File, Format Version 12.00
# Visual Studio Version 17
VisualStudioVersion = 17.12.35527.113
MinimumVisualStudioVersion = 10.0.40219.1
Project("{2150E333-8FDC-42A3-9474-1A3956D46DE8}") = "Chap01", "Chap01", "{F27D87A8-B174-4A33-9912-D2B3B2CCA8F9}"
EndProject
Project("{8BC9CEB8-8B4A-11D0-8D11-00A0C91BC942}") = "HelloMsg", "Chap01\HelloMsg\HelloMsg.vcxproj", "{F1F2EB41-0EC7-46D8-A165-382D688066E8}"
EndProject
Project("{2150E333-8FDC-42A3-9474-1A3956D46DE8}") = "Chap02", "Chap02", "{0F15E4F8-2713-4906-B0EE-19B9E237F509}"
EndProject
Project("{8BC9CEB8-8B4A-11D0-8D11-00A0C91BC942}") = "ScrnSize", "Chap02\ScrnSize\ScrnSize.vcxproj", "{4C702E34-70DB-4320-85CF-B8C9A765B64D}"
EndProject
Project("{2150E333-8FDC-42A3-9474-1A3956D46DE8}") = "Chap03", "Chap03", "{71259D15-6753-48F7-B5B2-D93BAF36A966}"
EndProject
Project("{8BC9CEB8-8B4A-11D0-8D11-00A0C91BC942}") = "HelloWin", "Chap03\HelloWin\HelloWin.vcxproj", "{C2AEAEC5-2799-4AD0-851F-4F58415DC463}"
EndProject
Project("{2150E333-8FDC-42A3-9474-1A3956D46DE8}") = "test", "test", "{468AEAD8-52EF-4D2B-98ED-C681AF4218FE}"
EndProject
Project("{8BC9CEB8-8B4A-11D0-8D11-00A0C91BC942}") = "01", "test\01\01.vcxproj", "{8301F260-2178-4977-98BD-16ADF6A8BC0F}"
EndProject
Project("{2150E333-8FDC-42A3-9474-1A3956D46DE8}") = "笔记", "笔记", "{855BD970-D761-461E-9A8D-D9531A46726C}"
	ProjectSection(SolutionItems) = preProject
		001_新winmain函数.txt = 001_新winmain函数.txt
		002_变量首字符与类型对应表.txt = 002_变量首字符与类型对应表.txt
		笔记\004_GDI函数.txt = 笔记\004_GDI函数.txt
		笔记\999_Windows_API分类.txt = 笔记\999_Windows_API分类.txt
		git_cmd.txt = git_cmd.txt
		q.txt = q.txt
	EndProjectSection
EndProject
Project("{2150E333-8FDC-42A3-9474-1A3956D46DE8}") = "Chap04", "Chap04", "{E50533D8-B6CF-4D41-B378-E12D94AABD09}"
EndProject
Project("{8BC9CEB8-8B4A-11D0-8D11-00A0C91BC942}") = "SysMets1", "Chap04\SysMets1\SysMets1.vcxproj", "{34BCFE02-B183-480A-B1AB-18744B47F2D4}"
EndProject
Project("{2150E333-8FDC-42A3-9474-1A3956D46DE8}") = "解决方案项", "解决方案项", "{AEDD0063-052D-48CE-ABDE-331FF1B6A5EC}"
	ProjectSection(SolutionItems) = preProject
		.clang-format = .clang-format
	EndProjectSection
EndProject
Project("{8BC9CEB8-8B4A-11D0-8D11-00A0C91BC942}") = "SysMets2", "Chap04\SysMets2\SysMets2.vcxproj", "{916C4EA5-DE1A-4809-9359-66F14F2F6424}"
EndProject
Project("{8BC9CEB8-8B4A-11D0-8D11-00A0C91BC942}") = "SysMets3", "Chap04\SysMets3\SysMets3.vcxproj", "{27CDDEA2-24B7-4478-8A6D-5296773C36B8}"
EndProject
Project("{8BC9CEB8-8B4A-11D0-8D11-00A0C91BC942}") = "my_sysMets", "Chap04\my_sysMets\my_sysMets.vcxproj", "{8E8B24ED-5A04-4623-ADF2-4002C9BF239E}"
EndProject
Project("{2150E333-8FDC-42A3-9474-1A3956D46DE8}") = "Chap05", "Chap05", "{BD58ED2A-3B2A-4AF8-BD4C-876BEA6288B7}"
EndProject
Project("{8BC9CEB8-8B4A-11D0-8D11-00A0C91BC942}") = "DevCaps1", "Chap05\DevCaps1\DevCaps1.vcxproj", "{45BF0667-DC84-40E5-B6D5-BEA7CCC5106C}"
EndProject
Project("{8BC9CEB8-8B4A-11D0-8D11-00A0C91BC942}") = "FuxiBagua", "test\FuxiBagua\FuxiBagua.vcxproj", "{3DEF3C50-6083-421F-97CD-2F255300A434}"
EndProject
Project("{8BC9CEB8-8B4A-11D0-8D11-00A0C91BC942}") = "rnd", "test\rnd\rnd.vcxproj", "{58E7BFC6-0923-4059-B213-A232F1562254}"
EndProject
Project("{8BC9CEB8-8B4A-11D0-8D11-00A0C91BC942}") = "cmdBits", "test\cmdBits\cmdBits.vcxproj", "{E4F5A8FD-122C-4457-8B3D-4F1768655295}"
EndProject
Project("{2150E333-8FDC-42A3-9474-1A3956D46DE8}") = "Chap07", "Chap07", "{51B4E89C-7581-4193-9D75-0B766E92EC3E}"
EndProject
Project("{8BC9CEB8-8B4A-11D0-8D11-00A0C91BC942}") = "Checker4", "Chap07\Checker4\Checker4.vcxproj", "{6E9135DD-2A45-46E9-8BB4-7DA421BAD2BB}"
EndProject
Global
	GlobalSection(SolutionConfigurationPlatforms) = preSolution
		Debug|x64 = Debug|x64
		Debug|x86 = Debug|x86
		Release|x64 = Release|x64
		Release|x86 = Release|x86
	EndGlobalSection
	GlobalSection(ProjectConfigurationPlatforms) = postSolution
		{F1F2EB41-0EC7-46D8-A165-382D688066E8}.Debug|x64.ActiveCfg = Debug|x64
		{F1F2EB41-0EC7-46D8-A165-382D688066E8}.Debug|x64.Build.0 = Debug|x64
		{F1F2EB41-0EC7-46D8-A165-382D688066E8}.Debug|x86.ActiveCfg = Debug|Win32
		{F1F2EB41-0EC7-46D8-A165-382D688066E8}.Debug|x86.Build.0 = Debug|Win32
		{F1F2EB41-0EC7-46D8-A165-382D688066E8}.Release|x64.ActiveCfg = Release|x64
		{F1F2EB41-0EC7-46D8-A165-382D688066E8}.Release|x64.Build.0 = Release|x64
		{F1F2EB41-0EC7-46D8-A165-382D688066E8}.Release|x86.ActiveCfg = Release|Win32
		{F1F2EB41-0EC7-46D8-A165-382D688066E8}.Release|x86.Build.0 = Release|Win32
		{4C702E34-70DB-4320-85CF-B8C9A765B64D}.Debug|x64.ActiveCfg = Debug|x64
		{4C702E34-70DB-4320-85CF-B8C9A765B64D}.Debug|x64.Build.0 = Debug|x64
		{4C702E34-70DB-4320-85CF-B8C9A765B64D}.Debug|x86.ActiveCfg = Debug|Win32
		{4C702E34-70DB-4320-85CF-B8C9A765B64D}.Debug|x86.Build.0 = Debug|Win32
		{4C702E34-70DB-4320-85CF-B8C9A765B64D}.Release|x64.ActiveCfg = Release|x64
		{4C702E34-70DB-4320-85CF-B8C9A765B64D}.Release|x64.Build.0 = Release|x64
		{4C702E34-70DB-4320-85CF-B8C9A765B64D}.Release|x86.ActiveCfg = Release|Win32
		{4C702E34-70DB-4320-85CF-B8C9A765B64D}.Release|x86.Build.0 = Release|Win32
		{C2AEAEC5-2799-4AD0-851F-4F58415DC463}.Debug|x64.ActiveCfg = Debug|x64
		{C2AEAEC5-2799-4AD0-851F-4F58415DC463}.Debug|x64.Build.0 = Debug|x64
		{C2AEAEC5-2799-4AD0-851F-4F58415DC463}.Debug|x86.ActiveCfg = Debug|Win32
		{C2AEAEC5-2799-4AD0-851F-4F58415DC463}.Debug|x86.Build.0 = Debug|Win32
		{C2AEAEC5-2799-4AD0-851F-4F58415DC463}.Release|x64.ActiveCfg = Release|x64
		{C2AEAEC5-2799-4AD0-851F-4F58415DC463}.Release|x64.Build.0 = Release|x64
		{C2AEAEC5-2799-4AD0-851F-4F58415DC463}.Release|x86.ActiveCfg = Release|Win32
		{C2AEAEC5-2799-4AD0-851F-4F58415DC463}.Release|x86.Build.0 = Release|Win32
		{8301F260-2178-4977-98BD-16ADF6A8BC0F}.Debug|x64.ActiveCfg = Debug|x64
		{8301F260-2178-4977-98BD-16ADF6A8BC0F}.Debug|x64.Build.0 = Debug|x64
		{8301F260-2178-4977-98BD-16ADF6A8BC0F}.Debug|x86.ActiveCfg = Debug|Win32
		{8301F260-2178-4977-98BD-16ADF6A8BC0F}.Debug|x86.Build.0 = Debug|Win32
		{8301F260-2178-4977-98BD-16ADF6A8BC0F}.Release|x64.ActiveCfg = Release|x64
		{8301F260-2178-4977-98BD-16ADF6A8BC0F}.Release|x64.Build.0 = Release|x64
		{8301F260-2178-4977-98BD-16ADF6A8BC0F}.Release|x86.ActiveCfg = Release|Win32
		{8301F260-2178-4977-98BD-16ADF6A8BC0F}.Release|x86.Build.0 = Release|Win32
		{34BCFE02-B183-480A-B1AB-18744B47F2D4}.Debug|x64.ActiveCfg = Debug|x64
		{34BCFE02-B183-480A-B1AB-18744B47F2D4}.Debug|x64.Build.0 = Debug|x64
		{34BCFE02-B183-480A-B1AB-18744B47F2D4}.Debug|x86.ActiveCfg = Debug|Win32
		{34BCFE02-B183-480A-B1AB-18744B47F2D4}.Debug|x86.Build.0 = Debug|Win32
		{34BCFE02-B183-480A-B1AB-18744B47F2D4}.Release|x64.ActiveCfg = Release|x64
		{34BCFE02-B183-480A-B1AB-18744B47F2D4}.Release|x64.Build.0 = Release|x64
		{34BCFE02-B183-480A-B1AB-18744B47F2D4}.Release|x86.ActiveCfg = Release|Win32
		{34BCFE02-B183-480A-B1AB-18744B47F2D4}.Release|x86.Build.0 = Release|Win32
		{916C4EA5-DE1A-4809-9359-66F14F2F6424}.Debug|x64.ActiveCfg = Debug|x64
		{916C4EA5-DE1A-4809-9359-66F14F2F6424}.Debug|x64.Build.0 = Debug|x64
		{916C4EA5-DE1A-4809-9359-66F14F2F6424}.Debug|x86.ActiveCfg = Debug|Win32
		{916C4EA5-DE1A-4809-9359-66F14F2F6424}.Debug|x86.Build.0 = Debug|Win32
		{916C4EA5-DE1A-4809-9359-66F14F2F6424}.Release|x64.ActiveCfg = Release|x64
		{916C4EA5-DE1A-4809-9359-66F14F2F6424}.Release|x64.Build.0 = Release|x64
		{916C4EA5-DE1A-4809-9359-66F14F2F6424}.Release|x86.ActiveCfg = Release|Win32
		{916C4EA5-DE1A-4809-9359-66F14F2F6424}.Release|x86.Build.0 = Release|Win32
		{27CDDEA2-24B7-4478-8A6D-5296773C36B8}.Debug|x64.ActiveCfg = Debug|x64
		{27CDDEA2-24B7-4478-8A6D-5296773C36B8}.Debug|x64.Build.0 = Debug|x64
		{27CDDEA2-24B7-4478-8A6D-5296773C36B8}.Debug|x86.ActiveCfg = Debug|Win32
		{27CDDEA2-24B7-4478-8A6D-5296773C36B8}.Debug|x86.Build.0 = Debug|Win32
		{27CDDEA2-24B7-4478-8A6D-5296773C36B8}.Release|x64.ActiveCfg = Release|x64
		{27CDDEA2-24B7-4478-8A6D-5296773C36B8}.Release|x64.Build.0 = Release|x64
		{27CDDEA2-24B7-4478-8A6D-5296773C36B8}.Release|x86.ActiveCfg = Release|Win32
		{27CDDEA2-24B7-4478-8A6D-5296773C36B8}.Release|x86.Build.0 = Release|Win32
		{8E8B24ED-5A04-4623-ADF2-4002C9BF239E}.Debug|x64.ActiveCfg = Debug|x64
		{8E8B24ED-5A04-4623-ADF2-4002C9BF239E}.Debug|x64.Build.0 = Debug|x64
		{8E8B24ED-5A04-4623-ADF2-4002C9BF239E}.Debug|x86.ActiveCfg = Debug|Win32
		{8E8B24ED-5A04-4623-ADF2-4002C9BF239E}.Debug|x86.Build.0 = Debug|Win32
		{8E8B24ED-5A04-4623-ADF2-4002C9BF239E}.Release|x64.ActiveCfg = Release|x64
		{8E8B24ED-5A04-4623-ADF2-4002C9BF239E}.Release|x64.Build.0 = Release|x64
		{8E8B24ED-5A04-4623-ADF2-4002C9BF239E}.Release|x86.ActiveCfg = Release|Win32
		{8E8B24ED-5A04-4623-ADF2-4002C9BF239E}.Release|x86.Build.0 = Release|Win32
		{45BF0667-DC84-40E5-B6D5-BEA7CCC5106C}.Debug|x64.ActiveCfg = Debug|x64
		{45BF0667-DC84-40E5-B6D5-BEA7CCC5106C}.Debug|x64.Build.0 = Debug|x64
		{45BF0667-DC84-40E5-B6D5-BEA7CCC5106C}.Debug|x86.ActiveCfg = Debug|Win32
		{45BF0667-DC84-40E5-B6D5-BEA7CCC5106C}.Debug|x86.Build.0 = Debug|Win32
		{45BF0667-DC84-40E5-B6D5-BEA7CCC5106C}.Release|x64.ActiveCfg = Release|x64
		{45BF0667-DC84-40E5-B6D5-BEA7CCC5106C}.Release|x64.Build.0 = Release|x64
		{45BF0667-DC84-40E5-B6D5-BEA7CCC5106C}.Release|x86.ActiveCfg = Release|Win32
		{45BF0667-DC84-40E5-B6D5-BEA7CCC5106C}.Release|x86.Build.0 = Release|Win32
		{3DEF3C50-6083-421F-97CD-2F255300A434}.Debug|x64.ActiveCfg = Debug|x64
		{3DEF3C50-6083-421F-97CD-2F255300A434}.Debug|x64.Build.0 = Debug|x64
		{3DEF3C50-6083-421F-97CD-2F255300A434}.Debug|x86.ActiveCfg = Debug|Win32
		{3DEF3C50-6083-421F-97CD-2F255300A434}.Debug|x86.Build.0 = Debug|Win32
		{3DEF3C50-6083-421F-97CD-2F255300A434}.Release|x64.ActiveCfg = Release|x64
		{3DEF3C50-6083-421F-97CD-2F255300A434}.Release|x64.Build.0 = Release|x64
		{3DEF3C50-6083-421F-97CD-2F255300A434}.Release|x86.ActiveCfg = Release|Win32
		{3DEF3C50-6083-421F-97CD-2F255300A434}.Release|x86.Build.0 = Release|Win32
		{58E7BFC6-0923-4059-B213-A232F1562254}.Debug|x64.ActiveCfg = Debug|x64
		{58E7BFC6-0923-4059-B213-A232F1562254}.Debug|x64.Build.0 = Debug|x64
		{58E7BFC6-0923-4059-B213-A232F1562254}.Debug|x86.ActiveCfg = Debug|Win32
		{58E7BFC6-0923-4059-B213-A232F1562254}.Debug|x86.Build.0 = Debug|Win32
		{58E7BFC6-0923-4059-B213-A232F1562254}.Release|x64.ActiveCfg = Release|x64
		{58E7BFC6-0923-4059-B213-A232F1562254}.Release|x64.Build.0 = Release|x64
		{58E7BFC6-0923-4059-B213-A232F1562254}.Release|x86.ActiveCfg = Release|Win32
		{58E7BFC6-0923-4059-B213-A232F1562254}.Release|x86.Build.0 = Release|Win32
		{E4F5A8FD-122C-4457-8B3D-4F1768655295}.Debug|x64.ActiveCfg = Debug|x64
		{E4F5A8FD-122C-4457-8B3D-4F1768655295}.Debug|x64.Build.0 = Debug|x64
		{E4F5A8FD-122C-4457-8B3D-4F1768655295}.Debug|x86.ActiveCfg = Debug|Win32
		{E4F5A8FD-122C-4457-8B3D-4F1768655295}.Debug|x86.Build.0 = Debug|Win32
		{E4F5A8FD-122C-4457-8B3D-4F1768655295}.Release|x64.ActiveCfg = Release|x64
		{E4F5A8FD-122C-4457-8B3D-4F1768655295}.Release|x64.Build.0 = Release|x64
		{E4F5A8FD-122C-4457-8B3D-4F1768655295}.Release|x86.ActiveCfg = Release|Win32
		{E4F5A8FD-122C-4457-8B3D-4F1768655295}.Release|x86.Build.0 = Release|Win32
		{6E9135DD-2A45-46E9-8BB4-7DA421BAD2BB}.Debug|x64.ActiveCfg = Debug|x64
		{6E9135DD-2A45-46E9-8BB4-7DA421BAD2BB}.Debug|x64.Build.0 = Debug|x64
		{6E9135DD-2A45-46E9-8BB4-7DA421BAD2BB}.Debug|x86.ActiveCfg = Debug|Win32
		{6E9135DD-2A45-46E9-8BB4-7DA421BAD2BB}.Debug|x86.Build.0 = Debug|Win32
		{6E9135DD-2A45-46E9-8BB4-7DA421BAD2BB}.Release|x64.ActiveCfg = Release|x64
		{6E9135DD-2A45-46E9-8BB4-7DA421BAD2BB}.Release|x64.Build.0 = Release|x64
		{6E9135DD-2A45-46E9-8BB4-7DA421BAD2BB}.Release|x86.ActiveCfg = Release|Win32
		{6E9135DD-2A45-46E9-8BB4-7DA421BAD2BB}.Release|x86.Build.0 = Release|Win32
	EndGlobalSection
	GlobalSection(SolutionProperties) = preSolution
		HideSolutionNode = FALSE
	EndGlobalSection
	GlobalSection(NestedProjects) = preSolution
		{F1F2EB41-0EC7-46D8-A165-382D688066E8} = {F27D87A8-B174-4A33-9912-D2B3B2CCA8F9}
		{4C702E34-70DB-4320-85CF-B8C9A765B64D} = {0F15E4F8-2713-4906-B0EE-19B9E237F509}
		{C2AEAEC5-2799-4AD0-851F-4F58415DC463} = {71259D15-6753-48F7-B5B2-D93BAF36A966}
		{8301F260-2178-4977-98BD-16ADF6A8BC0F} = {468AEAD8-52EF-4D2B-98ED-C681AF4218FE}
		{34BCFE02-B183-480A-B1AB-18744B47F2D4} = {E50533D8-B6CF-4D41-B378-E12D94AABD09}
		{916C4EA5-DE1A-4809-9359-66F14F2F6424} = {E50533D8-B6CF-4D41-B378-E12D94AABD09}
		{27CDDEA2-24B7-4478-8A6D-5296773C36B8} = {E50533D8-B6CF-4D41-B378-E12D94AABD09}
		{8E8B24ED-5A04-4623-ADF2-4002C9BF239E} = {E50533D8-B6CF-4D41-B378-E12D94AABD09}
		{45BF0667-DC84-40E5-B6D5-BEA7CCC5106C} = {BD58ED2A-3B2A-4AF8-BD4C-876BEA6288B7}
		{3DEF3C50-6083-421F-97CD-2F255300A434} = {468AEAD8-52EF-4D2B-98ED-C681AF4218FE}
		{58E7BFC6-0923-4059-B213-A232F1562254} = {468AEAD8-52EF-4D2B-98ED-C681AF4218FE}
		{E4F5A8FD-122C-4457-8B3D-4F1768655295} = {468AEAD8-52EF-4D2B-98ED-C681AF4218FE}
		{6E9135DD-2A45-46E9-8BB4-7DA421BAD2BB} = {51B4E89C-7581-4193-9D75-0B766E92EC3E}
	EndGlobalSection
EndGlobal
